
Microsoft Visual Studio Solution File, Format Version 12.00
# Visual Studio Version 17
VisualStudioVersion = 17.13.35806.99 d17.13
MinimumVisualStudioVersion = 10.0.40219.1
Project("{FAE04EC0-301F-11D3-BF4B-00C04F79EFBC}") = "EmployeeManagementSystem", "EmployeeManagementSystem\EmployeeManagementSystem.csproj", "{00D857F5-FB16-45EF-8906-842131BDED3A}"
EndProject
Global
	GlobalSection(SolutionConfigurationPlatforms) = preSolution
		Debug|Any CPU = Debug|Any CPU
		Release|Any CPU = Release|Any CPU
	EndGlobalSection
	GlobalSection(ProjectConfigurationPlatforms) = postSolution
		{00D857F5-FB16-45EF-8906-842131BDED3A}.Debug|Any CPU.ActiveCfg = Debug|Any CPU
		{00D857F5-FB16-45EF-8906-842131BDED3A}.Debug|Any CPU.Build.0 = Debug|Any CPU
		{00D857F5-FB16-45EF-8906-842131BDED3A}.Release|Any CPU.ActiveCfg = Release|Any CPU
		{00D857F5-FB16-45EF-8906-842131BDED3A}.Release|Any CPU.Build.0 = Release|Any CPU
	EndGlobalSection
	GlobalSection(SolutionProperties) = preSolution
		HideSolutionNode = FALSE
	EndGlobalSection
	GlobalSection(ExtensibilityGlobals) = postSolution
		SolutionGuid = {C60423D6-3047-4C8C-94F3-A508486FBDE0}
	EndGlobalSection
EndGlobal
