
Microsoft Visual Studio Solution File, Format Version 12.00
# Visual Studio Version 17
VisualStudioVersion = 17.13.35806.99 d17.13
MinimumVisualStudioVersion = 10.0.40219.1
Project("{FAE04EC0-301F-11D3-BF4B-00C04F79EFBC}") = "ClassLibrary", "ClassLibrary\ClassLibrary.csproj", "{33D31E96-5592-4C0B-8A20-9D88AF96FEBF}"
EndProject
Global
	GlobalSection(SolutionConfigurationPlatforms) = preSolution
		Debug|Any CPU = Debug|Any CPU
		Release|Any CPU = Release|Any CPU
	EndGlobalSection
	GlobalSection(ProjectConfigurationPlatforms) = postSolution
		{33D31E96-5592-4C0B-8A20-9D88AF96FEBF}.Debug|Any CPU.ActiveCfg = Debug|Any CPU
		{33D31E96-5592-4C0B-8A20-9D88AF96FEBF}.Debug|Any CPU.Build.0 = Debug|Any CPU
		{33D31E96-5592-4C0B-8A20-9D88AF96FEBF}.Release|Any CPU.ActiveCfg = Release|Any CPU
		{33D31E96-5592-4C0B-8A20-9D88AF96FEBF}.Release|Any CPU.Build.0 = Release|Any CPU
	EndGlobalSection
	GlobalSection(SolutionProperties) = preSolution
		HideSolutionNode = FALSE
	EndGlobalSection
	GlobalSection(ExtensibilityGlobals) = postSolution
		SolutionGuid = {CB7E059D-1247-446F-AA95-4329A4B5A7B5}
	EndGlobalSection
EndGlobal
